
Microsoft Visual Studio Solution File, Format Version 12.00
Project("{FAE04EC0-301F-11D3-BF4B-00C04F79EFBC}") = "DataProcessor", "DataProcessor\DataProcessor.csproj", "{BC0764E4-F856-4F45-921A-DEC2AFFA23E8}"
EndProject
Project("{2150E333-8FDC-42A3-9474-1A3956D46DE8}") = "DataProcessor", "DataProcessor", "{DF18CC20-F2C0-4126-A7A2-04C985B88914}"
EndProject
Project("{FAE04EC0-301F-11D3-BF4B-00C04F79EFBC}") = "DataProcessor.Library", "DataProcessor.Library\DataProcessor.Library.csproj", "{2C8910F8-D9BF-4054-87B2-A21F1764A2A3}"
EndProject
Global
	GlobalSection(SolutionConfigurationPlatforms) = preSolution
		Debug|Any CPU = Debug|Any CPU
		Release|Any CPU = Release|Any CPU
	EndGlobalSection
	GlobalSection(ProjectConfigurationPlatforms) = postSolution
		{BC0764E4-F856-4F45-921A-DEC2AFFA23E8}.Debug|Any CPU.ActiveCfg = Debug|Any CPU
		{BC0764E4-F856-4F45-921A-DEC2AFFA23E8}.Debug|Any CPU.Build.0 = Debug|Any CPU
		{BC0764E4-F856-4F45-921A-DEC2AFFA23E8}.Release|Any CPU.ActiveCfg = Release|Any CPU
		{BC0764E4-F856-4F45-921A-DEC2AFFA23E8}.Release|Any CPU.Build.0 = Release|Any CPU
		{2C8910F8-D9BF-4054-87B2-A21F1764A2A3}.Debug|Any CPU.ActiveCfg = Debug|Any CPU
		{2C8910F8-D9BF-4054-87B2-A21F1764A2A3}.Debug|Any CPU.Build.0 = Debug|Any CPU
		{2C8910F8-D9BF-4054-87B2-A21F1764A2A3}.Release|Any CPU.ActiveCfg = Release|Any CPU
		{2C8910F8-D9BF-4054-87B2-A21F1764A2A3}.Release|Any CPU.Build.0 = Release|Any CPU
	EndGlobalSection
	GlobalSection(NestedProjects) = preSolution
		{BC0764E4-F856-4F45-921A-DEC2AFFA23E8} = {DF18CC20-F2C0-4126-A7A2-04C985B88914}
		{2C8910F8-D9BF-4054-87B2-A21F1764A2A3} = {DF18CC20-F2C0-4126-A7A2-04C985B88914}
	EndGlobalSection
EndGlobal
