
Microsoft Visual Studio Solution File, Format Version 12.00
Project("{FAE04EC0-301F-11D3-BF4B-00C04F79EFBC}") = "task1", "task1\task1.csproj", "{7F7C806F-C1B4-4339-BA4F-3AAAF9D75111}"
EndProject
Project("{FAE04EC0-301F-11D3-BF4B-00C04F79EFBC}") = "task2", "task2\task2.csproj", "{881C9C7E-C730-4CD4-A4DD-FBD5930AAF10}"
EndProject
Project("{FAE04EC0-301F-11D3-BF4B-00C04F79EFBC}") = "task3", "task3\task3.csproj", "{6B044772-CB5C-424F-9BAC-E7CC142F8A7D}"
EndProject
Project("{FAE04EC0-301F-11D3-BF4B-00C04F79EFBC}") = "task4", "task4\task4.csproj", "{00D9BAC3-5B37-4A26-9745-6E349818F6B8}"
EndProject
Project("{FAE04EC0-301F-11D3-BF4B-00C04F79EFBC}") = "task5", "task5\task5.csproj", "{34B80540-6010-4CC8-83C7-422860626601}"
EndProject
Project("{FAE04EC0-301F-11D3-BF4B-00C04F79EFBC}") = "task6", "task6\task6.csproj", "{FA20C358-CCB6-4AC5-A0A4-599DE599EF6D}"
EndProject
Project("{FAE04EC0-301F-11D3-BF4B-00C04F79EFBC}") = "task7", "task7\task7.csproj", "{A36C6152-9F14-4689-893D-65BFF3DDBE8C}"
EndProject
Project("{FAE04EC0-301F-11D3-BF4B-00C04F79EFBC}") = "task8", "task8\task8.csproj", "{4FC63D17-87B1-43CE-96BC-19EA88E711C0}"
EndProject
Project("{FAE04EC0-301F-11D3-BF4B-00C04F79EFBC}") = "task9", "task9\task9.csproj", "{11E4BB84-7018-45BF-B264-6C1ED5F63D1C}"
EndProject
Project("{FAE04EC0-301F-11D3-BF4B-00C04F79EFBC}") = "task10", "task10\task10.csproj", "{60658556-A027-47EB-A76C-DA11F217D89B}"
EndProject
Global
	GlobalSection(SolutionConfigurationPlatforms) = preSolution
		Debug|Any CPU = Debug|Any CPU
		Release|Any CPU = Release|Any CPU
	EndGlobalSection
	GlobalSection(ProjectConfigurationPlatforms) = postSolution
		{7F7C806F-C1B4-4339-BA4F-3AAAF9D75111}.Debug|Any CPU.ActiveCfg = Debug|Any CPU
		{7F7C806F-C1B4-4339-BA4F-3AAAF9D75111}.Debug|Any CPU.Build.0 = Debug|Any CPU
		{7F7C806F-C1B4-4339-BA4F-3AAAF9D75111}.Release|Any CPU.ActiveCfg = Release|Any CPU
		{7F7C806F-C1B4-4339-BA4F-3AAAF9D75111}.Release|Any CPU.Build.0 = Release|Any CPU
		{881C9C7E-C730-4CD4-A4DD-FBD5930AAF10}.Debug|Any CPU.ActiveCfg = Debug|Any CPU
		{881C9C7E-C730-4CD4-A4DD-FBD5930AAF10}.Debug|Any CPU.Build.0 = Debug|Any CPU
		{881C9C7E-C730-4CD4-A4DD-FBD5930AAF10}.Release|Any CPU.ActiveCfg = Release|Any CPU
		{881C9C7E-C730-4CD4-A4DD-FBD5930AAF10}.Release|Any CPU.Build.0 = Release|Any CPU
		{6B044772-CB5C-424F-9BAC-E7CC142F8A7D}.Debug|Any CPU.ActiveCfg = Debug|Any CPU
		{6B044772-CB5C-424F-9BAC-E7CC142F8A7D}.Debug|Any CPU.Build.0 = Debug|Any CPU
		{6B044772-CB5C-424F-9BAC-E7CC142F8A7D}.Release|Any CPU.ActiveCfg = Release|Any CPU
		{6B044772-CB5C-424F-9BAC-E7CC142F8A7D}.Release|Any CPU.Build.0 = Release|Any CPU
		{00D9BAC3-5B37-4A26-9745-6E349818F6B8}.Debug|Any CPU.ActiveCfg = Debug|Any CPU
		{00D9BAC3-5B37-4A26-9745-6E349818F6B8}.Debug|Any CPU.Build.0 = Debug|Any CPU
		{00D9BAC3-5B37-4A26-9745-6E349818F6B8}.Release|Any CPU.ActiveCfg = Release|Any CPU
		{00D9BAC3-5B37-4A26-9745-6E349818F6B8}.Release|Any CPU.Build.0 = Release|Any CPU
		{34B80540-6010-4CC8-83C7-422860626601}.Debug|Any CPU.ActiveCfg = Debug|Any CPU
		{34B80540-6010-4CC8-83C7-422860626601}.Debug|Any CPU.Build.0 = Debug|Any CPU
		{34B80540-6010-4CC8-83C7-422860626601}.Release|Any CPU.ActiveCfg = Release|Any CPU
		{34B80540-6010-4CC8-83C7-422860626601}.Release|Any CPU.Build.0 = Release|Any CPU
		{FA20C358-CCB6-4AC5-A0A4-599DE599EF6D}.Debug|Any CPU.ActiveCfg = Debug|Any CPU
		{FA20C358-CCB6-4AC5-A0A4-599DE599EF6D}.Debug|Any CPU.Build.0 = Debug|Any CPU
		{FA20C358-CCB6-4AC5-A0A4-599DE599EF6D}.Release|Any CPU.ActiveCfg = Release|Any CPU
		{FA20C358-CCB6-4AC5-A0A4-599DE599EF6D}.Release|Any CPU.Build.0 = Release|Any CPU
		{A36C6152-9F14-4689-893D-65BFF3DDBE8C}.Debug|Any CPU.ActiveCfg = Debug|Any CPU
		{A36C6152-9F14-4689-893D-65BFF3DDBE8C}.Debug|Any CPU.Build.0 = Debug|Any CPU
		{A36C6152-9F14-4689-893D-65BFF3DDBE8C}.Release|Any CPU.ActiveCfg = Release|Any CPU
		{A36C6152-9F14-4689-893D-65BFF3DDBE8C}.Release|Any CPU.Build.0 = Release|Any CPU
		{4FC63D17-87B1-43CE-96BC-19EA88E711C0}.Debug|Any CPU.ActiveCfg = Debug|Any CPU
		{4FC63D17-87B1-43CE-96BC-19EA88E711C0}.Debug|Any CPU.Build.0 = Debug|Any CPU
		{4FC63D17-87B1-43CE-96BC-19EA88E711C0}.Release|Any CPU.ActiveCfg = Release|Any CPU
		{4FC63D17-87B1-43CE-96BC-19EA88E711C0}.Release|Any CPU.Build.0 = Release|Any CPU
		{11E4BB84-7018-45BF-B264-6C1ED5F63D1C}.Debug|Any CPU.ActiveCfg = Debug|Any CPU
		{11E4BB84-7018-45BF-B264-6C1ED5F63D1C}.Debug|Any CPU.Build.0 = Debug|Any CPU
		{11E4BB84-7018-45BF-B264-6C1ED5F63D1C}.Release|Any CPU.ActiveCfg = Release|Any CPU
		{11E4BB84-7018-45BF-B264-6C1ED5F63D1C}.Release|Any CPU.Build.0 = Release|Any CPU
		{60658556-A027-47EB-A76C-DA11F217D89B}.Debug|Any CPU.ActiveCfg = Debug|Any CPU
		{60658556-A027-47EB-A76C-DA11F217D89B}.Debug|Any CPU.Build.0 = Debug|Any CPU
		{60658556-A027-47EB-A76C-DA11F217D89B}.Release|Any CPU.ActiveCfg = Release|Any CPU
		{60658556-A027-47EB-A76C-DA11F217D89B}.Release|Any CPU.Build.0 = Release|Any CPU
	EndGlobalSection
EndGlobal
