
Microsoft Visual Studio Solution File, Format Version 12.00
Project("{FAE04EC0-301F-11D3-BF4B-00C04F79EFBC}") = "task2", "task2\task2.csproj", "{AE6682FA-B271-445E-B7C3-97ECCF9B6146}"
EndProject
Project("{FAE04EC0-301F-11D3-BF4B-00C04F79EFBC}") = "task1", "task1\task1.csproj", "{7F90BF35-A248-4C9B-ADB5-75355A1088D2}"
EndProject
Global
	GlobalSection(SolutionConfigurationPlatforms) = preSolution
		Debug|Any CPU = Debug|Any CPU
		Release|Any CPU = Release|Any CPU
	EndGlobalSection
	GlobalSection(ProjectConfigurationPlatforms) = postSolution
		{AE6682FA-B271-445E-B7C3-97ECCF9B6146}.Debug|Any CPU.ActiveCfg = Debug|Any CPU
		{AE6682FA-B271-445E-B7C3-97ECCF9B6146}.Debug|Any CPU.Build.0 = Debug|Any CPU
		{AE6682FA-B271-445E-B7C3-97ECCF9B6146}.Release|Any CPU.ActiveCfg = Release|Any CPU
		{AE6682FA-B271-445E-B7C3-97ECCF9B6146}.Release|Any CPU.Build.0 = Release|Any CPU
		{7F90BF35-A248-4C9B-ADB5-75355A1088D2}.Debug|Any CPU.ActiveCfg = Debug|Any CPU
		{7F90BF35-A248-4C9B-ADB5-75355A1088D2}.Debug|Any CPU.Build.0 = Debug|Any CPU
		{7F90BF35-A248-4C9B-ADB5-75355A1088D2}.Release|Any CPU.ActiveCfg = Release|Any CPU
		{7F90BF35-A248-4C9B-ADB5-75355A1088D2}.Release|Any CPU.Build.0 = Release|Any CPU
	EndGlobalSection
EndGlobal
